# THIS IS AN AUTOGENERATED FILE. DO NOT EDIT THIS FILE DIRECTLY.
# yarn lockfile v1


chance@^1.1.9:
  version "1.1.9"
  resolved "https://registry.yarnpkg.com/chance/-/chance-1.1.9.tgz#fbf409726a956415b4bde0e8db010f60b60fc01b"
  integrity sha512-TfxnA/DcZXRTA4OekA2zL9GH8qscbbl6X0ZqU4tXhGveVY/mXWvEQLt5GwZcYXTEyEFflVtj+pG8nc8EwSm1RQ==
